
Microsoft Visual Studio Solution File, Format Version 12.00
# Visual Studio 15
VisualStudioVersion = 15.0.26206.0
MinimumVisualStudioVersion = 10.0.40219.1
Project("{FAE04EC0-301F-11D3-BF4B-00C04F79EFBC}") = "Book_O_Series", "Book_O_Series\Book_O_Series\Book_O_Series.csproj", "{FEA6CE79-61C5-4686-8E1A-2B2FC252313B}"
EndProject
Project("{FAE04EC0-301F-11D3-BF4B-00C04F79EFBC}") = "Book_O_Series.Android", "Book_O_Series\Book_O_Series.Android\Book_O_Series.Android.csproj", "{D21B855E-B019-4342-AFD9-FEC24777FD9D}"
EndProject
Project("{FAE04EC0-301F-11D3-BF4B-00C04F79EFBC}") = "Book_O_Series.UWP", "Book_O_Series\Book_O_Series.UWP\Book_O_Series.UWP.csproj", "{CB96A0E1-3FED-4B99-A515-4C5527BA036B}"
EndProject
Global
	GlobalSection(SolutionConfigurationPlatforms) = preSolution
		Debug|Any CPU = Debug|Any CPU
		Debug|ARM = Debug|ARM
		Debug|iPhone = Debug|iPhone
		Debug|iPhoneSimulator = Debug|iPhoneSimulator
		Debug|x64 = Debug|x64
		Debug|x86 = Debug|x86
		Release|Any CPU = Release|Any CPU
		Release|ARM = Release|ARM
		Release|iPhone = Release|iPhone
		Release|iPhoneSimulator = Release|iPhoneSimulator
		Release|x64 = Release|x64
		Release|x86 = Release|x86
	EndGlobalSection
	GlobalSection(ProjectConfigurationPlatforms) = postSolution
		{FEA6CE79-61C5-4686-8E1A-2B2FC252313B}.Debug|Any CPU.ActiveCfg = Debug|Any CPU
		{FEA6CE79-61C5-4686-8E1A-2B2FC252313B}.Debug|Any CPU.Build.0 = Debug|Any CPU
		{FEA6CE79-61C5-4686-8E1A-2B2FC252313B}.Debug|ARM.ActiveCfg = Release|Any CPU
		{FEA6CE79-61C5-4686-8E1A-2B2FC252313B}.Debug|ARM.Build.0 = Release|Any CPU
		{FEA6CE79-61C5-4686-8E1A-2B2FC252313B}.Debug|iPhone.ActiveCfg = Release|Any CPU
		{FEA6CE79-61C5-4686-8E1A-2B2FC252313B}.Debug|iPhone.Build.0 = Release|Any CPU
		{FEA6CE79-61C5-4686-8E1A-2B2FC252313B}.Debug|iPhoneSimulator.ActiveCfg = Release|Any CPU
		{FEA6CE79-61C5-4686-8E1A-2B2FC252313B}.Debug|iPhoneSimulator.Build.0 = Release|Any CPU
		{FEA6CE79-61C5-4686-8E1A-2B2FC252313B}.Debug|x64.ActiveCfg = Release|Any CPU
		{FEA6CE79-61C5-4686-8E1A-2B2FC252313B}.Debug|x64.Build.0 = Release|Any CPU
		{FEA6CE79-61C5-4686-8E1A-2B2FC252313B}.Debug|x86.ActiveCfg = Release|Any CPU
		{FEA6CE79-61C5-4686-8E1A-2B2FC252313B}.Debug|x86.Build.0 = Release|Any CPU
		{FEA6CE79-61C5-4686-8E1A-2B2FC252313B}.Release|Any CPU.ActiveCfg = Release|Any CPU
		{FEA6CE79-61C5-4686-8E1A-2B2FC252313B}.Release|Any CPU.Build.0 = Release|Any CPU
		{FEA6CE79-61C5-4686-8E1A-2B2FC252313B}.Release|ARM.ActiveCfg = Release|Any CPU
		{FEA6CE79-61C5-4686-8E1A-2B2FC252313B}.Release|ARM.Build.0 = Release|Any CPU
		{FEA6CE79-61C5-4686-8E1A-2B2FC252313B}.Release|iPhone.ActiveCfg = Release|Any CPU
		{FEA6CE79-61C5-4686-8E1A-2B2FC252313B}.Release|iPhone.Build.0 = Release|Any CPU
		{FEA6CE79-61C5-4686-8E1A-2B2FC252313B}.Release|iPhoneSimulator.ActiveCfg = Release|Any CPU
		{FEA6CE79-61C5-4686-8E1A-2B2FC252313B}.Release|iPhoneSimulator.Build.0 = Release|Any CPU
		{FEA6CE79-61C5-4686-8E1A-2B2FC252313B}.Release|x64.ActiveCfg = Release|Any CPU
		{FEA6CE79-61C5-4686-8E1A-2B2FC252313B}.Release|x64.Build.0 = Release|Any CPU
		{FEA6CE79-61C5-4686-8E1A-2B2FC252313B}.Release|x86.ActiveCfg = Release|Any CPU
		{FEA6CE79-61C5-4686-8E1A-2B2FC252313B}.Release|x86.Build.0 = Release|Any CPU
		{D21B855E-B019-4342-AFD9-FEC24777FD9D}.Debug|Any CPU.ActiveCfg = Debug|Any CPU
		{D21B855E-B019-4342-AFD9-FEC24777FD9D}.Debug|Any CPU.Build.0 = Debug|Any CPU
		{D21B855E-B019-4342-AFD9-FEC24777FD9D}.Debug|Any CPU.Deploy.0 = Debug|Any CPU
		{D21B855E-B019-4342-AFD9-FEC24777FD9D}.Debug|ARM.ActiveCfg = Release|Any CPU
		{D21B855E-B019-4342-AFD9-FEC24777FD9D}.Debug|ARM.Build.0 = Release|Any CPU
		{D21B855E-B019-4342-AFD9-FEC24777FD9D}.Debug|ARM.Deploy.0 = Release|Any CPU
		{D21B855E-B019-4342-AFD9-FEC24777FD9D}.Debug|iPhone.ActiveCfg = Release|Any CPU
		{D21B855E-B019-4342-AFD9-FEC24777FD9D}.Debug|iPhone.Build.0 = Release|Any CPU
		{D21B855E-B019-4342-AFD9-FEC24777FD9D}.Debug|iPhone.Deploy.0 = Release|Any CPU
		{D21B855E-B019-4342-AFD9-FEC24777FD9D}.Debug|iPhoneSimulator.ActiveCfg = Release|Any CPU
		{D21B855E-B019-4342-AFD9-FEC24777FD9D}.Debug|iPhoneSimulator.Build.0 = Release|Any CPU
		{D21B855E-B019-4342-AFD9-FEC24777FD9D}.Debug|iPhoneSimulator.Deploy.0 = Release|Any CPU
		{D21B855E-B019-4342-AFD9-FEC24777FD9D}.Debug|x64.ActiveCfg = Release|Any CPU
		{D21B855E-B019-4342-AFD9-FEC24777FD9D}.Debug|x64.Build.0 = Release|Any CPU
		{D21B855E-B019-4342-AFD9-FEC24777FD9D}.Debug|x64.Deploy.0 = Release|Any CPU
		{D21B855E-B019-4342-AFD9-FEC24777FD9D}.Debug|x86.ActiveCfg = Release|Any CPU
		{D21B855E-B019-4342-AFD9-FEC24777FD9D}.Debug|x86.Build.0 = Release|Any CPU
		{D21B855E-B019-4342-AFD9-FEC24777FD9D}.Debug|x86.Deploy.0 = Release|Any CPU
		{D21B855E-B019-4342-AFD9-FEC24777FD9D}.Release|Any CPU.ActiveCfg = Release|Any CPU
		{D21B855E-B019-4342-AFD9-FEC24777FD9D}.Release|Any CPU.Build.0 = Release|Any CPU
		{D21B855E-B019-4342-AFD9-FEC24777FD9D}.Release|Any CPU.Deploy.0 = Release|Any CPU
		{D21B855E-B019-4342-AFD9-FEC24777FD9D}.Release|ARM.ActiveCfg = Release|Any CPU
		{D21B855E-B019-4342-AFD9-FEC24777FD9D}.Release|ARM.Build.0 = Release|Any CPU
		{D21B855E-B019-4342-AFD9-FEC24777FD9D}.Release|ARM.Deploy.0 = Release|Any CPU
		{D21B855E-B019-4342-AFD9-FEC24777FD9D}.Release|iPhone.ActiveCfg = Release|Any CPU
		{D21B855E-B019-4342-AFD9-FEC24777FD9D}.Release|iPhone.Build.0 = Release|Any CPU
		{D21B855E-B019-4342-AFD9-FEC24777FD9D}.Release|iPhone.Deploy.0 = Release|Any CPU
		{D21B855E-B019-4342-AFD9-FEC24777FD9D}.Release|iPhoneSimulator.ActiveCfg = Release|Any CPU
		{D21B855E-B019-4342-AFD9-FEC24777FD9D}.Release|iPhoneSimulator.Build.0 = Release|Any CPU
		{D21B855E-B019-4342-AFD9-FEC24777FD9D}.Release|iPhoneSimulator.Deploy.0 = Release|Any CPU
		{D21B855E-B019-4342-AFD9-FEC24777FD9D}.Release|x64.ActiveCfg = Release|Any CPU
		{D21B855E-B019-4342-AFD9-FEC24777FD9D}.Release|x64.Build.0 = Release|Any CPU
		{D21B855E-B019-4342-AFD9-FEC24777FD9D}.Release|x64.Deploy.0 = Release|Any CPU
		{D21B855E-B019-4342-AFD9-FEC24777FD9D}.Release|x86.ActiveCfg = Release|Any CPU
		{D21B855E-B019-4342-AFD9-FEC24777FD9D}.Release|x86.Build.0 = Release|Any CPU
		{D21B855E-B019-4342-AFD9-FEC24777FD9D}.Release|x86.Deploy.0 = Release|Any CPU
		{CB96A0E1-3FED-4B99-A515-4C5527BA036B}.Debug|Any CPU.ActiveCfg = Debug|x64
		{CB96A0E1-3FED-4B99-A515-4C5527BA036B}.Debug|Any CPU.Build.0 = Debug|x64
		{CB96A0E1-3FED-4B99-A515-4C5527BA036B}.Debug|Any CPU.Deploy.0 = Debug|x64
		{CB96A0E1-3FED-4B99-A515-4C5527BA036B}.Debug|ARM.ActiveCfg = Release|x86
		{CB96A0E1-3FED-4B99-A515-4C5527BA036B}.Debug|ARM.Build.0 = Release|x86
		{CB96A0E1-3FED-4B99-A515-4C5527BA036B}.Debug|ARM.Deploy.0 = Release|x86
		{CB96A0E1-3FED-4B99-A515-4C5527BA036B}.Debug|iPhone.ActiveCfg = Release|x86
		{CB96A0E1-3FED-4B99-A515-4C5527BA036B}.Debug|iPhone.Build.0 = Release|x86
		{CB96A0E1-3FED-4B99-A515-4C5527BA036B}.Debug|iPhone.Deploy.0 = Release|x86
		{CB96A0E1-3FED-4B99-A515-4C5527BA036B}.Debug|iPhoneSimulator.ActiveCfg = Release|x86
		{CB96A0E1-3FED-4B99-A515-4C5527BA036B}.Debug|iPhoneSimulator.Build.0 = Release|x86
		{CB96A0E1-3FED-4B99-A515-4C5527BA036B}.Debug|iPhoneSimulator.Deploy.0 = Release|x86
		{CB96A0E1-3FED-4B99-A515-4C5527BA036B}.Debug|x64.ActiveCfg = Release|x86
		{CB96A0E1-3FED-4B99-A515-4C5527BA036B}.Debug|x64.Build.0 = Release|x86
		{CB96A0E1-3FED-4B99-A515-4C5527BA036B}.Debug|x64.Deploy.0 = Release|x86
		{CB96A0E1-3FED-4B99-A515-4C5527BA036B}.Debug|x86.ActiveCfg = Release|x86
		{CB96A0E1-3FED-4B99-A515-4C5527BA036B}.Debug|x86.Build.0 = Release|x86
		{CB96A0E1-3FED-4B99-A515-4C5527BA036B}.Debug|x86.Deploy.0 = Release|x86
		{CB96A0E1-3FED-4B99-A515-4C5527BA036B}.Release|Any CPU.ActiveCfg = Release|x86
		{CB96A0E1-3FED-4B99-A515-4C5527BA036B}.Release|Any CPU.Build.0 = Release|x86
		{CB96A0E1-3FED-4B99-A515-4C5527BA036B}.Release|Any CPU.Deploy.0 = Release|x86
		{CB96A0E1-3FED-4B99-A515-4C5527BA036B}.Release|ARM.ActiveCfg = Release|x86
		{CB96A0E1-3FED-4B99-A515-4C5527BA036B}.Release|ARM.Build.0 = Release|x86
		{CB96A0E1-3FED-4B99-A515-4C5527BA036B}.Release|ARM.Deploy.0 = Release|x86
		{CB96A0E1-3FED-4B99-A515-4C5527BA036B}.Release|iPhone.ActiveCfg = Release|x86
		{CB96A0E1-3FED-4B99-A515-4C5527BA036B}.Release|iPhone.Build.0 = Release|x86
		{CB96A0E1-3FED-4B99-A515-4C5527BA036B}.Release|iPhone.Deploy.0 = Release|x86
		{CB96A0E1-3FED-4B99-A515-4C5527BA036B}.Release|iPhoneSimulator.ActiveCfg = Release|x86
		{CB96A0E1-3FED-4B99-A515-4C5527BA036B}.Release|iPhoneSimulator.Build.0 = Release|x86
		{CB96A0E1-3FED-4B99-A515-4C5527BA036B}.Release|iPhoneSimulator.Deploy.0 = Release|x86
		{CB96A0E1-3FED-4B99-A515-4C5527BA036B}.Release|x64.ActiveCfg = Release|x86
		{CB96A0E1-3FED-4B99-A515-4C5527BA036B}.Release|x64.Build.0 = Release|x86
		{CB96A0E1-3FED-4B99-A515-4C5527BA036B}.Release|x64.Deploy.0 = Release|x86
		{CB96A0E1-3FED-4B99-A515-4C5527BA036B}.Release|x86.ActiveCfg = Release|x86
		{CB96A0E1-3FED-4B99-A515-4C5527BA036B}.Release|x86.Build.0 = Release|x86
		{CB96A0E1-3FED-4B99-A515-4C5527BA036B}.Release|x86.Deploy.0 = Release|x86
	EndGlobalSection
	GlobalSection(SolutionProperties) = preSolution
		HideSolutionNode = FALSE
	EndGlobalSection
EndGlobal
