
Microsoft Visual Studio Solution File, Format Version 12.00
# Visual Studio 15
VisualStudioVersion = 15.0.26206.0
MinimumVisualStudioVersion = 10.0.40219.1
Project("{FAE04EC0-301F-11D3-BF4B-00C04F79EFBC}") = "Book_O_Series", "Book_O_Series.csproj", "{67F9D3A8-F71E-4428-913F-C37AE82CDB24}"
	ProjectSection(ProjectDependencies) = postProject
		{99E8E9EC-AE88-4DDC-8908-E6E173C6D4C6} = {99E8E9EC-AE88-4DDC-8908-E6E173C6D4C6}
	EndProjectSection
EndProject
Project("{FAE04EC0-301F-11D3-BF4B-00C04F79EFBC}") = "Book_O_Series.Core", "..\Book_O_Series.Core\Book_O_Series.Core.csproj", "{99E8E9EC-AE88-4DDC-8908-E6E173C6D4C6}"
EndProject
Project("{2150E333-8FDC-42A3-9474-1A3956D46DE8}") = "Platforms", "Platforms", "{821294C1-3E30-4D20-91D3-64DA07ADAEDA}"
EndProject
Project("{FAE04EC0-301F-11D3-BF4B-00C04F79EFBC}") = "Book_O_Series.Droid", "..\Platforms\Book_O_Series.Droid\Book_O_Series.Droid.csproj", "{67A55E9C-F1FA-446D-AD60-2ACD81966EFB}"
	ProjectSection(ProjectDependencies) = postProject
		{67F9D3A8-F71E-4428-913F-C37AE82CDB24} = {67F9D3A8-F71E-4428-913F-C37AE82CDB24}
		{99E8E9EC-AE88-4DDC-8908-E6E173C6D4C6} = {99E8E9EC-AE88-4DDC-8908-E6E173C6D4C6}
	EndProjectSection
EndProject
Project("{FAE04EC0-301F-11D3-BF4B-00C04F79EFBC}") = "Book_O_Series.UWP", "..\Platforms\Book_O_Series.UWP\Book_O_Series.UWP.csproj", "{D0F1640D-42F1-4A82-B84B-29728545762E}"
	ProjectSection(ProjectDependencies) = postProject
		{67F9D3A8-F71E-4428-913F-C37AE82CDB24} = {67F9D3A8-F71E-4428-913F-C37AE82CDB24}
	EndProjectSection
EndProject
Global
	GlobalSection(SolutionConfigurationPlatforms) = preSolution
		Debug|Any CPU = Debug|Any CPU
		Debug|ARM = Debug|ARM
		Debug|x64 = Debug|x64
		Debug|x86 = Debug|x86
		Release|Any CPU = Release|Any CPU
		Release|ARM = Release|ARM
		Release|x64 = Release|x64
		Release|x86 = Release|x86
	EndGlobalSection
	GlobalSection(ProjectConfigurationPlatforms) = postSolution
		{67F9D3A8-F71E-4428-913F-C37AE82CDB24}.Debug|Any CPU.ActiveCfg = Debug|Any CPU
		{67F9D3A8-F71E-4428-913F-C37AE82CDB24}.Debug|Any CPU.Build.0 = Debug|Any CPU
		{67F9D3A8-F71E-4428-913F-C37AE82CDB24}.Debug|ARM.ActiveCfg = Debug|Any CPU
		{67F9D3A8-F71E-4428-913F-C37AE82CDB24}.Debug|ARM.Build.0 = Debug|Any CPU
		{67F9D3A8-F71E-4428-913F-C37AE82CDB24}.Debug|x64.ActiveCfg = Debug|Any CPU
		{67F9D3A8-F71E-4428-913F-C37AE82CDB24}.Debug|x64.Build.0 = Debug|Any CPU
		{67F9D3A8-F71E-4428-913F-C37AE82CDB24}.Debug|x86.ActiveCfg = Debug|Any CPU
		{67F9D3A8-F71E-4428-913F-C37AE82CDB24}.Debug|x86.Build.0 = Debug|Any CPU
		{67F9D3A8-F71E-4428-913F-C37AE82CDB24}.Release|Any CPU.ActiveCfg = Release|Any CPU
		{67F9D3A8-F71E-4428-913F-C37AE82CDB24}.Release|Any CPU.Build.0 = Release|Any CPU
		{67F9D3A8-F71E-4428-913F-C37AE82CDB24}.Release|ARM.ActiveCfg = Release|Any CPU
		{67F9D3A8-F71E-4428-913F-C37AE82CDB24}.Release|ARM.Build.0 = Release|Any CPU
		{67F9D3A8-F71E-4428-913F-C37AE82CDB24}.Release|x64.ActiveCfg = Release|Any CPU
		{67F9D3A8-F71E-4428-913F-C37AE82CDB24}.Release|x64.Build.0 = Release|Any CPU
		{67F9D3A8-F71E-4428-913F-C37AE82CDB24}.Release|x86.ActiveCfg = Release|Any CPU
		{67F9D3A8-F71E-4428-913F-C37AE82CDB24}.Release|x86.Build.0 = Release|Any CPU
		{99E8E9EC-AE88-4DDC-8908-E6E173C6D4C6}.Debug|Any CPU.ActiveCfg = Debug|Any CPU
		{99E8E9EC-AE88-4DDC-8908-E6E173C6D4C6}.Debug|Any CPU.Build.0 = Debug|Any CPU
		{99E8E9EC-AE88-4DDC-8908-E6E173C6D4C6}.Debug|ARM.ActiveCfg = Debug|Any CPU
		{99E8E9EC-AE88-4DDC-8908-E6E173C6D4C6}.Debug|ARM.Build.0 = Debug|Any CPU
		{99E8E9EC-AE88-4DDC-8908-E6E173C6D4C6}.Debug|x64.ActiveCfg = Debug|Any CPU
		{99E8E9EC-AE88-4DDC-8908-E6E173C6D4C6}.Debug|x64.Build.0 = Debug|Any CPU
		{99E8E9EC-AE88-4DDC-8908-E6E173C6D4C6}.Debug|x86.ActiveCfg = Debug|Any CPU
		{99E8E9EC-AE88-4DDC-8908-E6E173C6D4C6}.Debug|x86.Build.0 = Debug|Any CPU
		{99E8E9EC-AE88-4DDC-8908-E6E173C6D4C6}.Release|Any CPU.ActiveCfg = Release|Any CPU
		{99E8E9EC-AE88-4DDC-8908-E6E173C6D4C6}.Release|Any CPU.Build.0 = Release|Any CPU
		{99E8E9EC-AE88-4DDC-8908-E6E173C6D4C6}.Release|ARM.ActiveCfg = Release|Any CPU
		{99E8E9EC-AE88-4DDC-8908-E6E173C6D4C6}.Release|ARM.Build.0 = Release|Any CPU
		{99E8E9EC-AE88-4DDC-8908-E6E173C6D4C6}.Release|x64.ActiveCfg = Release|Any CPU
		{99E8E9EC-AE88-4DDC-8908-E6E173C6D4C6}.Release|x64.Build.0 = Release|Any CPU
		{99E8E9EC-AE88-4DDC-8908-E6E173C6D4C6}.Release|x86.ActiveCfg = Release|Any CPU
		{99E8E9EC-AE88-4DDC-8908-E6E173C6D4C6}.Release|x86.Build.0 = Release|Any CPU
		{67A55E9C-F1FA-446D-AD60-2ACD81966EFB}.Debug|Any CPU.ActiveCfg = Debug|Any CPU
		{67A55E9C-F1FA-446D-AD60-2ACD81966EFB}.Debug|Any CPU.Build.0 = Debug|Any CPU
		{67A55E9C-F1FA-446D-AD60-2ACD81966EFB}.Debug|Any CPU.Deploy.0 = Debug|Any CPU
		{67A55E9C-F1FA-446D-AD60-2ACD81966EFB}.Debug|ARM.ActiveCfg = Debug|Any CPU
		{67A55E9C-F1FA-446D-AD60-2ACD81966EFB}.Debug|ARM.Build.0 = Debug|Any CPU
		{67A55E9C-F1FA-446D-AD60-2ACD81966EFB}.Debug|ARM.Deploy.0 = Debug|Any CPU
		{67A55E9C-F1FA-446D-AD60-2ACD81966EFB}.Debug|x64.ActiveCfg = Debug|Any CPU
		{67A55E9C-F1FA-446D-AD60-2ACD81966EFB}.Debug|x64.Build.0 = Debug|Any CPU
		{67A55E9C-F1FA-446D-AD60-2ACD81966EFB}.Debug|x64.Deploy.0 = Debug|Any CPU
		{67A55E9C-F1FA-446D-AD60-2ACD81966EFB}.Debug|x86.ActiveCfg = Debug|Any CPU
		{67A55E9C-F1FA-446D-AD60-2ACD81966EFB}.Debug|x86.Build.0 = Debug|Any CPU
		{67A55E9C-F1FA-446D-AD60-2ACD81966EFB}.Debug|x86.Deploy.0 = Debug|Any CPU
		{67A55E9C-F1FA-446D-AD60-2ACD81966EFB}.Release|Any CPU.ActiveCfg = Release|Any CPU
		{67A55E9C-F1FA-446D-AD60-2ACD81966EFB}.Release|Any CPU.Build.0 = Release|Any CPU
		{67A55E9C-F1FA-446D-AD60-2ACD81966EFB}.Release|Any CPU.Deploy.0 = Release|Any CPU
		{67A55E9C-F1FA-446D-AD60-2ACD81966EFB}.Release|ARM.ActiveCfg = Release|Any CPU
		{67A55E9C-F1FA-446D-AD60-2ACD81966EFB}.Release|ARM.Build.0 = Release|Any CPU
		{67A55E9C-F1FA-446D-AD60-2ACD81966EFB}.Release|ARM.Deploy.0 = Release|Any CPU
		{67A55E9C-F1FA-446D-AD60-2ACD81966EFB}.Release|x64.ActiveCfg = Release|Any CPU
		{67A55E9C-F1FA-446D-AD60-2ACD81966EFB}.Release|x64.Build.0 = Release|Any CPU
		{67A55E9C-F1FA-446D-AD60-2ACD81966EFB}.Release|x64.Deploy.0 = Release|Any CPU
		{67A55E9C-F1FA-446D-AD60-2ACD81966EFB}.Release|x86.ActiveCfg = Release|Any CPU
		{67A55E9C-F1FA-446D-AD60-2ACD81966EFB}.Release|x86.Build.0 = Release|Any CPU
		{67A55E9C-F1FA-446D-AD60-2ACD81966EFB}.Release|x86.Deploy.0 = Release|Any CPU
		{D0F1640D-42F1-4A82-B84B-29728545762E}.Debug|Any CPU.ActiveCfg = Debug|x86
		{D0F1640D-42F1-4A82-B84B-29728545762E}.Debug|Any CPU.Build.0 = Debug|x86
		{D0F1640D-42F1-4A82-B84B-29728545762E}.Debug|Any CPU.Deploy.0 = Debug|x86
		{D0F1640D-42F1-4A82-B84B-29728545762E}.Debug|ARM.ActiveCfg = Debug|ARM
		{D0F1640D-42F1-4A82-B84B-29728545762E}.Debug|ARM.Build.0 = Debug|ARM
		{D0F1640D-42F1-4A82-B84B-29728545762E}.Debug|ARM.Deploy.0 = Debug|ARM
		{D0F1640D-42F1-4A82-B84B-29728545762E}.Debug|x64.ActiveCfg = Debug|x64
		{D0F1640D-42F1-4A82-B84B-29728545762E}.Debug|x64.Build.0 = Debug|x64
		{D0F1640D-42F1-4A82-B84B-29728545762E}.Debug|x64.Deploy.0 = Debug|x64
		{D0F1640D-42F1-4A82-B84B-29728545762E}.Debug|x86.ActiveCfg = Debug|x86
		{D0F1640D-42F1-4A82-B84B-29728545762E}.Debug|x86.Build.0 = Debug|x86
		{D0F1640D-42F1-4A82-B84B-29728545762E}.Debug|x86.Deploy.0 = Debug|x86
		{D0F1640D-42F1-4A82-B84B-29728545762E}.Release|Any CPU.ActiveCfg = Release|x86
		{D0F1640D-42F1-4A82-B84B-29728545762E}.Release|Any CPU.Build.0 = Release|x86
		{D0F1640D-42F1-4A82-B84B-29728545762E}.Release|Any CPU.Deploy.0 = Release|x86
		{D0F1640D-42F1-4A82-B84B-29728545762E}.Release|ARM.ActiveCfg = Release|ARM
		{D0F1640D-42F1-4A82-B84B-29728545762E}.Release|ARM.Build.0 = Release|ARM
		{D0F1640D-42F1-4A82-B84B-29728545762E}.Release|ARM.Deploy.0 = Release|ARM
		{D0F1640D-42F1-4A82-B84B-29728545762E}.Release|x64.ActiveCfg = Release|x64
		{D0F1640D-42F1-4A82-B84B-29728545762E}.Release|x64.Build.0 = Release|x64
		{D0F1640D-42F1-4A82-B84B-29728545762E}.Release|x64.Deploy.0 = Release|x64
		{D0F1640D-42F1-4A82-B84B-29728545762E}.Release|x86.ActiveCfg = Release|x86
		{D0F1640D-42F1-4A82-B84B-29728545762E}.Release|x86.Build.0 = Release|x86
		{D0F1640D-42F1-4A82-B84B-29728545762E}.Release|x86.Deploy.0 = Release|x86
	EndGlobalSection
	GlobalSection(SolutionProperties) = preSolution
		HideSolutionNode = FALSE
	EndGlobalSection
	GlobalSection(NestedProjects) = preSolution
		{67A55E9C-F1FA-446D-AD60-2ACD81966EFB} = {821294C1-3E30-4D20-91D3-64DA07ADAEDA}
		{D0F1640D-42F1-4A82-B84B-29728545762E} = {821294C1-3E30-4D20-91D3-64DA07ADAEDA}
	EndGlobalSection
EndGlobal
